PODS:
  - Alamofire (4.8.1)
  - AlamofireImage (3.5.0):
    - Alamofire (~> 4.8)
  - AlamofireObjectMapper (5.2.0):
    - Alamofire (~> 4.7)
    - ObjectMapper (~> 3.4)
  - ObjectMapper (3.4.2)
  - Observable (1.6.3)
  - XCDYouTubeKit (2.7.3)

DEPENDENCIES:
  - Alamofire
  - AlamofireImage
  - AlamofireObjectMapper
  - ObjectMapper
  - "Observable (from `git@github.com:mzahidimran/Observable.git`, branch `PropertyWrapper`)"
  - XCDYouTubeKit

SPEC REPOS:
  https://github.com/CocoaPods/Specs.git:
    - Alamofire
    - AlamofireImage
    - AlamofireObjectMapper
    - ObjectMapper
    - XCDYouTubeKit

EXTERNAL SOURCES:
  Observable:
    :branch: PropertyWrapper
    :git: "git@github.com:mzahidimran/Observable.git"

CHECKOUT OPTIONS:
  Observable:
    :commit: f7ea3052a565dfddee7157e937168d83a6cb9e77
    :git: "git@github.com:mzahidimran/Observable.git"

SPEC CHECKSUMS:
  Alamofire: 16ce2c353fb72865124ddae8a57c5942388f4f11
  AlamofireImage: 1aea346f4dda2f6c67622fa5a89fcbb80d79cc16
  AlamofireObjectMapper: 92b6ce2423a9d159e686f6a1d514a009bf903ddc
  ObjectMapper: 0d4402610f4e468903ae64629eec4784531e5c51
  Observable: 01935a69aebb76f46335e2d10460d5ae3f3002d4
  XCDYouTubeKit: 3f4fd3eb3ed494a46a8f007b91315eed6dd6df1f

PODFILE CHECKSUM: 8f10bc4f516c62e5f709ef4a4bdb466644d2f471

COCOAPODS: 1.8.3
